
Microsoft Visual Studio Solution File, Format Version 12.00
# Visual Studio Version 17
VisualStudioVersion = 17.9.34728.123
MinimumVisualStudioVersion = 10.0.40219.1
Project("{9A19103F-16F7-4668-BE54-9A1E7A4F7556}") = "WebApi", "WebApi\WebApi.csproj", "{4205B747-6339-4F88-BD77-CCA3F9CE70E4}"
EndProject
Project("{9A19103F-16F7-4668-BE54-9A1E7A4F7556}") = "Service.Contracts", "Service.Contracts\Service.Contracts.csproj", "{14C76367-ED95-44E6-AB5C-BE4F441ED615}"
EndProject
Project("{9A19103F-16F7-4668-BE54-9A1E7A4F7556}") = "Service", "Service\Service.csproj", "{CC64BF1A-701A-4839-AD93-3DF5B1AEDA2F}"
EndProject
Project("{9A19103F-16F7-4668-BE54-9A1E7A4F7556}") = "WebApi.Presentation", "WebApi.Presentation\WebApi.Presentation.csproj", "{F9474BAA-CD68-4ECC-9A38-D0EEAB5F96A4}"
EndProject
Project("{9A19103F-16F7-4668-BE54-9A1E7A4F7556}") = "LoggerService", "LoggerService\LoggerService.csproj", "{397E6610-79D0-4248-89FC-A8493E8D108E}"
EndProject
Project("{9A19103F-16F7-4668-BE54-9A1E7A4F7556}") = "Entities", "Entities\Entities.csproj", "{4BF96F7C-98F8-4D35-8C6E-D2F00CDED570}"
EndProject
Project("{9A19103F-16F7-4668-BE54-9A1E7A4F7556}") = "TestService", "TestService\TestService.csproj", "{30739270-CD89-4517-BE31-8FCF0F83F3B6}"
EndProject
Project("{FAE04EC0-301F-11D3-BF4B-00C04F79EFBC}") = "MemoryStorage", "MemoryStorage\MemoryStorage.csproj", "{1AD97C7A-E091-4506-9709-F528B5DFA6FD}"
EndProject
Global
	GlobalSection(SolutionConfigurationPlatforms) = preSolution
		Debug|Any CPU = Debug|Any CPU
		Release|Any CPU = Release|Any CPU
	EndGlobalSection
	GlobalSection(ProjectConfigurationPlatforms) = postSolution
		{4205B747-6339-4F88-BD77-CCA3F9CE70E4}.Debug|Any CPU.ActiveCfg = Debug|Any CPU
		{4205B747-6339-4F88-BD77-CCA3F9CE70E4}.Debug|Any CPU.Build.0 = Debug|Any CPU
		{4205B747-6339-4F88-BD77-CCA3F9CE70E4}.Release|Any CPU.ActiveCfg = Release|Any CPU
		{4205B747-6339-4F88-BD77-CCA3F9CE70E4}.Release|Any CPU.Build.0 = Release|Any CPU
		{14C76367-ED95-44E6-AB5C-BE4F441ED615}.Debug|Any CPU.ActiveCfg = Debug|Any CPU
		{14C76367-ED95-44E6-AB5C-BE4F441ED615}.Debug|Any CPU.Build.0 = Debug|Any CPU
		{14C76367-ED95-44E6-AB5C-BE4F441ED615}.Release|Any CPU.ActiveCfg = Release|Any CPU
		{14C76367-ED95-44E6-AB5C-BE4F441ED615}.Release|Any CPU.Build.0 = Release|Any CPU
		{CC64BF1A-701A-4839-AD93-3DF5B1AEDA2F}.Debug|Any CPU.ActiveCfg = Debug|Any CPU
		{CC64BF1A-701A-4839-AD93-3DF5B1AEDA2F}.Debug|Any CPU.Build.0 = Debug|Any CPU
		{CC64BF1A-701A-4839-AD93-3DF5B1AEDA2F}.Release|Any CPU.ActiveCfg = Release|Any CPU
		{CC64BF1A-701A-4839-AD93-3DF5B1AEDA2F}.Release|Any CPU.Build.0 = Release|Any CPU
		{F9474BAA-CD68-4ECC-9A38-D0EEAB5F96A4}.Debug|Any CPU.ActiveCfg = Debug|Any CPU
		{F9474BAA-CD68-4ECC-9A38-D0EEAB5F96A4}.Debug|Any CPU.Build.0 = Debug|Any CPU
		{F9474BAA-CD68-4ECC-9A38-D0EEAB5F96A4}.Release|Any CPU.ActiveCfg = Release|Any CPU
		{F9474BAA-CD68-4ECC-9A38-D0EEAB5F96A4}.Release|Any CPU.Build.0 = Release|Any CPU
		{397E6610-79D0-4248-89FC-A8493E8D108E}.Debug|Any CPU.ActiveCfg = Debug|Any CPU
		{397E6610-79D0-4248-89FC-A8493E8D108E}.Debug|Any CPU.Build.0 = Debug|Any CPU
		{397E6610-79D0-4248-89FC-A8493E8D108E}.Release|Any CPU.ActiveCfg = Release|Any CPU
		{397E6610-79D0-4248-89FC-A8493E8D108E}.Release|Any CPU.Build.0 = Release|Any CPU
		{4BF96F7C-98F8-4D35-8C6E-D2F00CDED570}.Debug|Any CPU.ActiveCfg = Debug|Any CPU
		{4BF96F7C-98F8-4D35-8C6E-D2F00CDED570}.Debug|Any CPU.Build.0 = Debug|Any CPU
		{4BF96F7C-98F8-4D35-8C6E-D2F00CDED570}.Release|Any CPU.ActiveCfg = Release|Any CPU
		{4BF96F7C-98F8-4D35-8C6E-D2F00CDED570}.Release|Any CPU.Build.0 = Release|Any CPU
		{30739270-CD89-4517-BE31-8FCF0F83F3B6}.Debug|Any CPU.ActiveCfg = Debug|Any CPU
		{30739270-CD89-4517-BE31-8FCF0F83F3B6}.Debug|Any CPU.Build.0 = Debug|Any CPU
		{30739270-CD89-4517-BE31-8FCF0F83F3B6}.Release|Any CPU.ActiveCfg = Release|Any CPU
		{30739270-CD89-4517-BE31-8FCF0F83F3B6}.Release|Any CPU.Build.0 = Release|Any CPU
		{1AD97C7A-E091-4506-9709-F528B5DFA6FD}.Debug|Any CPU.ActiveCfg = Debug|Any CPU
		{1AD97C7A-E091-4506-9709-F528B5DFA6FD}.Debug|Any CPU.Build.0 = Debug|Any CPU
		{1AD97C7A-E091-4506-9709-F528B5DFA6FD}.Release|Any CPU.ActiveCfg = Release|Any CPU
		{1AD97C7A-E091-4506-9709-F528B5DFA6FD}.Release|Any CPU.Build.0 = Release|Any CPU
	EndGlobalSection
	GlobalSection(SolutionProperties) = preSolution
		HideSolutionNode = FALSE
	EndGlobalSection
	GlobalSection(ExtensibilityGlobals) = postSolution
		SolutionGuid = {F6EEF2A5-3945-4476-9596-0A966164BF53}
	EndGlobalSection
EndGlobal
